// !$*UTF8*$!
{
	archiveVersion = 1;
	classes = {
	};
	objectVersion = 48;
	objects = {

/* Begin PBXBuildFile section */
		9B180B1C1F7D566A00C7E37A /* Icon-20.png in Resources */ = {isa = PBXBuildFile; fileRef = 9B180AFE1F7D565C00C7E37A /* Icon-20.png */; };
		9B180B1D1F7D566A00C7E37A /* Icon-32.png in Resources */ = {isa = PBXBuildFile; fileRef = 9B180AFF1F7D565C00C7E37A /* Icon-32.png */; };
		9B180B1E1F7D566A00C7E37A /* Icon-120.png in Resources */ = {isa = PBXBuildFile; fileRef = 9B180B001F7D565D00C7E37A /* Icon-120.png */; };
		9B180B1F1F7D566A00C7E37A /* Icon-256.png in Resources */ = {isa = PBXBuildFile; fileRef = 9B180B011F7D565D00C7E37A /* Icon-256.png */; };
		9B180B211F7D566A00C7E37A /* Icon-80.png in Resources */ = {isa = PBXBuildFile; fileRef = 9B180B031F7D565E00C7E37A /* Icon-80.png */; };
		9B180B221F7D566A00C7E37A /* Icon-114.png in Resources */ = {isa = PBXBuildFile; fileRef = 9B180B041F7D565F00C7E37A /* Icon-114.png */; };
		9B180B231F7D566A00C7E37A /* Icon-16.png in Resources */ = {isa = PBXBuildFile; fileRef = 9B180B051F7D565F00C7E37A /* Icon-16.png */; };
		9B180B241F7D566A00C7E37A /* Icon-55.png in Resources */ = {isa = PBXBuildFile; fileRef = 9B180B061F7D566000C7E37A /* Icon-55.png */; };
		9B180B251F7D566A00C7E37A /* Icon-72.png in Resources */ = {isa = PBXBuildFile; fileRef = 9B180B071F7D566000C7E37A /* Icon-72.png */; };
		9B180B261F7D566A00C7E37A /* Icon-512.png in Resources */ = {isa = PBXBuildFile; fileRef = 9B180B081F7D566000C7E37A /* Icon-512.png */; };
		9B180B271F7D566A00C7E37A /* Icon-100.png in Resources */ = {isa = PBXBuildFile; fileRef = 9B180B091F7D566100C7E37A /* Icon-100.png */; };
		9B180B281F7D566A00C7E37A /* Icon-29.png in Resources */ = {isa = PBXBuildFile; fileRef = 9B180B0A1F7D566100C7E37A /* Icon-29.png */; };
		9B180B291F7D566A00C7E37A /* Icon-48.png in Resources */ = {isa = PBXBuildFile; fileRef = 9B180B0B1F7D566200C7E37A /* Icon-48.png */; };
		9B180B2A1F7D566A00C7E37A /* Icon-58.png in Resources */ = {isa = PBXBuildFile; fileRef = 9B180B0C1F7D566200C7E37A /* Icon-58.png */; };
		9B180B2B1F7D566A00C7E37A /* Icon-40.png in Resources */ = {isa = PBXBuildFile; fileRef = 9B180B0D1F7D566300C7E37A /* Icon-40.png */; };
		9B180B2C1F7D566A00C7E37A /* Icon-88.png in Resources */ = {isa = PBXBuildFile; fileRef = 9B180B0E1F7D566300C7E37A /* Icon-88.png */; };
		9B180B2D1F7D566A00C7E37A /* Icon-87.png in Resources */ = {isa = PBXBuildFile; fileRef = 9B180B0F1F7D566400C7E37A /* Icon-87.png */; };
		9B180B2E1F7D566A00C7E37A /* Icon-152.png in Resources */ = {isa = PBXBuildFile; fileRef = 9B180B101F7D566400C7E37A /* Icon-152.png */; };
		9B180B2F1F7D566A00C7E37A /* Icon-180.png in Resources */ = {isa = PBXBuildFile; fileRef = 9B180B111F7D566500C7E37A /* Icon-180.png */; };
		9B180B301F7D566A00C7E37A /* Icon-50.png in Resources */ = {isa = PBXBuildFile; fileRef = 9B180B121F7D566500C7E37A /* Icon-50.png */; };
		9B180B311F7D566A00C7E37A /* Icon-144.png in Resources */ = {isa = PBXBuildFile; fileRef = 9B180B131F7D566600C7E37A /* Icon-144.png */; };
		9B180B321F7D566A00C7E37A /* Icon-196.png in Resources */ = {isa = PBXBuildFile; fileRef = 9B180B141F7D566600C7E37A /* Icon-196.png */; };
		9B180B331F7D566A00C7E37A /* Icon-57.png in Resources */ = {isa = PBXBuildFile; fileRef = 9B180B151F7D566600C7E37A /* Icon-57.png */; };
		9B180B341F7D566A00C7E37A /* Icon-128.png in Resources */ = {isa = PBXBuildFile; fileRef = 9B180B161F7D566700C7E37A /* Icon-128.png */; };
		9B180B351F7D566A00C7E37A /* Icon-64.png in Resources */ = {isa = PBXBuildFile; fileRef = 9B180B171F7D566700C7E37A /* Icon-64.png */; };
		9B180B361F7D566A00C7E37A /* Icon-167.png in Resources */ = {isa = PBXBuildFile; fileRef = 9B180B181F7D566800C7E37A /* Icon-167.png */; };
		9B180B371F7D566A00C7E37A /* Icon-172.png in Resources */ = {isa = PBXBuildFile; fileRef = 9B180B191F7D566800C7E37A /* Icon-172.png */; };
		9B180B381F7D566A00C7E37A /* Icon-60.png in Resources */ = {isa = PBXBuildFile; fileRef = 9B180B1A1F7D566900C7E37A /* Icon-60.png */; };
		9B180B391F7D566A00C7E37A /* Icon-76.png in Resources */ = {isa = PBXBuildFile; fileRef = 9B180B1B1F7D566900C7E37A /* Icon-76.png */; };
		9B180B3B1F7D57E800C7E37A /* Icon-1024.png in Resources */ = {isa = PBXBuildFile; fileRef = 9B180B3A1F7D57E800C7E37A /* Icon-1024.png */; };
		9B180B3D1F7D5B7300C7E37A /* logo.png in Resources */ = {isa = PBXBuildFile; fileRef = 9B180B3C1F7D5B7200C7E37A /* logo.png */; };
		9B49C85D1F76C91900C6A62B /* front.png in Resources */ = {isa = PBXBuildFile; fileRef = 9B49C85C1F76C91700C6A62B /* front.png */; };
		9B4A7AEC1F82DAAB00F8034D /* fond_ecran_jeu.png in Resources */ = {isa = PBXBuildFile; fileRef = 9B4A7AEA1F82DAA800F8034D /* fond_ecran_jeu.png */; };
		9B4A7AED1F82DAAB00F8034D /* fond_ecran_flou.png in Resources */ = {isa = PBXBuildFile; fileRef = 9B4A7AEB1F82DAA900F8034D /* fond_ecran_flou.png */; };
		9B7BF4E61F7EBF990053371B /* niveau_ciel.png in Resources */ = {isa = PBXBuildFile; fileRef = 9B7BF4E51F7EBF990053371B /* niveau_ciel.png */; };
		9B7BF4E81F7EC3900053371B /* niveau_terre.png in Resources */ = {isa = PBXBuildFile; fileRef = 9B7BF4E71F7EC38F0053371B /* niveau_terre.png */; };
		9B7BF4EA1F7EC4450053371B /* niveau_ocean.png in Resources */ = {isa = PBXBuildFile; fileRef = 9B7BF4E91F7EC4440053371B /* niveau_ocean.png */; };
		9B7BF4EC1F7ED1B50053371B /* fondecran.png in Resources */ = {isa = PBXBuildFile; fileRef = 9B7BF4EB1F7ED1B40053371B /* fondecran.png */; };
		A84222181F74A50F00EA6541 /* AppDelegate.swift in Sources */ = {isa = PBXBuildFile; fileRef = A84222171F74A50F00EA6541 /* AppDelegate.swift */; };
		A842221A1F74A50F00EA6541 /* Niveau1Controller.swift in Sources */ = {isa = PBXBuildFile; fileRef = A84222191F74A50F00EA6541 /* Niveau1Controller.swift */; };
		A842221D1F74A50F00EA6541 /* Main.storyboard in Resources */ = {isa = PBXBuildFile; fileRef = A842221B1F74A50F00EA6541 /* Main.storyboard */; };
		A842221F1F74A50F00EA6541 /* Assets.xcassets in Resources */ = {isa = PBXBuildFile; fileRef = A842221E1F74A50F00EA6541 /* Assets.xcassets */; };
		A84222221F74A50F00EA6541 /* LaunchScreen.storyboard in Resources */ = {isa = PBXBuildFile; fileRef = A84222201F74A50F00EA6541 /* LaunchScreen.storyboard */; };
		A84222341F74A7C900EA6541 /* girafe.png in Resources */ = {isa = PBXBuildFile; fileRef = A842222A1F74A7C800EA6541 /* girafe.png */; };
		A84222351F74A7C900EA6541 /* baleine.png in Resources */ = {isa = PBXBuildFile; fileRef = A842222B1F74A7C800EA6541 /* baleine.png */; };
		A84222361F74A7C900EA6541 /* abeille.png in Resources */ = {isa = PBXBuildFile; fileRef = A842222C1F74A7C800EA6541 /* abeille.png */; };
		A84222371F74A7C900EA6541 /* tortue.png in Resources */ = {isa = PBXBuildFile; fileRef = A842222D1F74A7C800EA6541 /* tortue.png */; };
		A84222381F74A7C900EA6541 /* elephant.png in Resources */ = {isa = PBXBuildFile; fileRef = A842222E1F74A7C800EA6541 /* elephant.png */; };
		A84222391F74A7C900EA6541 /* poulpe.png in Resources */ = {isa = PBXBuildFile; fileRef = A842222F1F74A7C900EA6541 /* poulpe.png */; };
		A842223A1F74A7C900EA6541 /* grenouille.png in Resources */ = {isa = PBXBuildFile; fileRef = A84222301F74A7C900EA6541 /* grenouille.png */; };
		A842223B1F74A7C900EA6541 /* vache.png in Resources */ = {isa = PBXBuildFile; fileRef = A84222311F74A7C900EA6541 /* vache.png */; };
		A842223C1F74A7C900EA6541 /* cochon.png in Resources */ = {isa = PBXBuildFile; fileRef = A84222321F74A7C900EA6541 /* cochon.png */; };
		A842223D1F74A7C900EA6541 /* coccinelle.png in Resources */ = {isa = PBXBuildFile; fileRef = A84222331F74A7C900EA6541 /* coccinelle.png */; };
		A84222411F74BC9300EA6541 /* reset.png in Resources */ = {isa = PBXBuildFile; fileRef = A84222401F74BC9300EA6541 /* reset.png */; };
		A86FF51E1F805F4200110F87 /* anemone.png in Resources */ = {isa = PBXBuildFile; fileRef = A86FF5081F805F4000110F87 /* anemone.png */; };
		A86FF51F1F805F4200110F87 /* foque.png in Resources */ = {isa = PBXBuildFile; fileRef = A86FF5091F805F4000110F87 /* foque.png */; };
		A86FF5201F805F4200110F87 /* oiseau.png in Resources */ = {isa = PBXBuildFile; fileRef = A86FF50A1F805F4000110F87 /* oiseau.png */; };
		A86FF5211F805F4200110F87 /* escargot.png in Resources */ = {isa = PBXBuildFile; fileRef = A86FF50B1F805F4000110F87 /* escargot.png */; };
		A86FF5221F805F4200110F87 /* hibou.png in Resources */ = {isa = PBXBuildFile; fileRef = A86FF50C1F805F4000110F87 /* hibou.png */; };
		A86FF5231F805F4200110F87 /* etoile.png in Resources */ = {isa = PBXBuildFile; fileRef = A86FF50D1F805F4000110F87 /* etoile.png */; };
		A86FF5251F805F4200110F87 /* cheval.png in Resources */ = {isa = PBXBuildFile; fileRef = A86FF50F1F805F4000110F87 /* cheval.png */; };
		A86FF5261F805F4200110F87 /* flamant rose.png in Resources */ = {isa = PBXBuildFile; fileRef = A86FF5101F805F4100110F87 /* flamant rose.png */; };
		A86FF5271F805F4200110F87 /* dinde.png in Resources */ = {isa = PBXBuildFile; fileRef = A86FF5111F805F4100110F87 /* dinde.png */; };
		A86FF5281F805F4200110F87 /* chenille.png in Resources */ = {isa = PBXBuildFile; fileRef = A86FF5121F805F4100110F87 /* chenille.png */; };
		A86FF5291F805F4200110F87 /* fourmi.png in Resources */ = {isa = PBXBuildFile; fileRef = A86FF5131F805F4100110F87 /* fourmi.png */; };
		A86FF52A1F805F4200110F87 /* globe.png in Resources */ = {isa = PBXBuildFile; fileRef = A86FF5141F805F4100110F87 /* globe.png */; };
		A86FF52B1F805F4200110F87 /* perroquet.png in Resources */ = {isa = PBXBuildFile; fileRef = A86FF5151F805F4100110F87 /* perroquet.png */; };
		A86FF52C1F805F4200110F87 /* ecureuil.png in Resources */ = {isa = PBXBuildFile; fileRef = A86FF5161F805F4100110F87 /* ecureuil.png */; };
		A86FF52D1F805F4200110F87 /* crab.png in Resources */ = {isa = PBXBuildFile; fileRef = A86FF5171F805F4100110F87 /* crab.png */; };
		A86FF52E1F805F4200110F87 /* Papillon.png in Resources */ = {isa = PBXBuildFile; fileRef = A86FF5181F805F4100110F87 /* Papillon.png */; };
		A86FF52F1F805F4200110F87 /* poisson.png in Resources */ = {isa = PBXBuildFile; fileRef = A86FF5191F805F4100110F87 /* poisson.png */; };
		A86FF5301F805F4200110F87 /* toucan.png in Resources */ = {isa = PBXBuildFile; fileRef = A86FF51A1F805F4200110F87 /* toucan.png */; };
		A86FF5311F805F4200110F87 /* meduse.png in Resources */ = {isa = PBXBuildFile; fileRef = A86FF51B1F805F4200110F87 /* meduse.png */; };
		A86FF5331F805F4200110F87 /* penguin.png in Resources */ = {isa = PBXBuildFile; fileRef = A86FF51D1F805F4200110F87 /* penguin.png */; };
		A8A317D41F79F76200A66472 /* Niveau2Controller.swift in Sources */ = {isa = PBXBuildFile; fileRef = A8A317D31F79F76200A66472 /* Niveau2Controller.swift */; };
		A8A317D61F79F89800A66472 /* Niveau3Controller.swift in Sources */ = {isa = PBXBuildFile; fileRef = A8A317D51F79F89800A66472 /* Niveau3Controller.swift */; };
		A8A317D81F7A086500A66472 /* ViewController.swift in Sources */ = {isa = PBXBuildFile; fileRef = A8A317D71F7A086500A66472 /* ViewController.swift */; };
/* End PBXBuildFile section */

/* Begin PBXFileReference section */
		9B180AFE1F7D565C00C7E37A /* Icon-20.png */ = {isa = PBXFileReference; lastKnownFileType = image.png; path = "Icon-20.png"; sourceTree = "<group>"; };
		9B180AFF1F7D565C00C7E37A /* Icon-32.png */ = {isa = PBXFileReference; lastKnownFileType = image.png; path = "Icon-32.png"; sourceTree = "<group>"; };
		9B180B001F7D565D00C7E37A /* Icon-120.png */ = {isa = PBXFileReference; lastKnownFileType = image.png; path = "Icon-120.png"; sourceTree = "<group>"; };
		9B180B011F7D565D00C7E37A /* Icon-256.png */ = {isa = PBXFileReference; lastKnownFileType = image.png; path = "Icon-256.png"; sourceTree = "<group>"; };
		9B180B031F7D565E00C7E37A /* Icon-80.png */ = {isa = PBXFileReference; lastKnownFileType = image.png; path = "Icon-80.png"; sourceTree = "<group>"; };
		9B180B041F7D565F00C7E37A /* Icon-114.png */ = {isa = PBXFileReference; lastKnownFileType = image.png; path = "Icon-114.png"; sourceTree = "<group>"; };
		9B180B051F7D565F00C7E37A /* Icon-16.png */ = {isa = PBXFileReference; lastKnownFileType = image.png; path = "Icon-16.png"; sourceTree = "<group>"; };
		9B180B061F7D566000C7E37A /* Icon-55.png */ = {isa = PBXFileReference; lastKnownFileType = image.png; path = "Icon-55.png"; sourceTree = "<group>"; };
		9B180B071F7D566000C7E37A /* Icon-72.png */ = {isa = PBXFileReference; lastKnownFileType = image.png; path = "Icon-72.png"; sourceTree = "<group>"; };
		9B180B081F7D566000C7E37A /* Icon-512.png */ = {isa = PBXFileReference; lastKnownFileType = image.png; path = "Icon-512.png"; sourceTree = "<group>"; };
		9B180B091F7D566100C7E37A /* Icon-100.png */ = {isa = PBXFileReference; lastKnownFileType = image.png; path = "Icon-100.png"; sourceTree = "<group>"; };
		9B180B0A1F7D566100C7E37A /* Icon-29.png */ = {isa = PBXFileReference; lastKnownFileType = image.png; path = "Icon-29.png"; sourceTree = "<group>"; };
		9B180B0B1F7D566200C7E37A /* Icon-48.png */ = {isa = PBXFileReference; lastKnownFileType = image.png; path = "Icon-48.png"; sourceTree = "<group>"; };
		9B180B0C1F7D566200C7E37A /* Icon-58.png */ = {isa = PBXFileReference; lastKnownFileType = image.png; path = "Icon-58.png"; sourceTree = "<group>"; };
		9B180B0D1F7D566300C7E37A /* Icon-40.png */ = {isa = PBXFileReference; lastKnownFileType = image.png; path = "Icon-40.png"; sourceTree = "<group>"; };
		9B180B0E1F7D566300C7E37A /* Icon-88.png */ = {isa = PBXFileReference; lastKnownFileType = image.png; path = "Icon-88.png"; sourceTree = "<group>"; };
		9B180B0F1F7D566400C7E37A /* Icon-87.png */ = {isa = PBXFileReference; lastKnownFileType = image.png; path = "Icon-87.png"; sourceTree = "<group>"; };
		9B180B101F7D566400C7E37A /* Icon-152.png */ = {isa = PBXFileReference; lastKnownFileType = image.png; path = "Icon-152.png"; sourceTree = "<group>"; };
		9B180B111F7D566500C7E37A /* Icon-180.png */ = {isa = PBXFileReference; lastKnownFileType = image.png; path = "Icon-180.png"; sourceTree = "<group>"; };
		9B180B121F7D566500C7E37A /* Icon-50.png */ = {isa = PBXFileReference; lastKnownFileType = image.png; path = "Icon-50.png"; sourceTree = "<group>"; };
		9B180B131F7D566600C7E37A /* Icon-144.png */ = {isa = PBXFileReference; lastKnownFileType = image.png; path = "Icon-144.png"; sourceTree = "<group>"; };
		9B180B141F7D566600C7E37A /* Icon-196.png */ = {isa = PBXFileReference; lastKnownFileType = image.png; path = "Icon-196.png"; sourceTree = "<group>"; };
		9B180B151F7D566600C7E37A /* Icon-57.png */ = {isa = PBXFileReference; lastKnownFileType = image.png; path = "Icon-57.png"; sourceTree = "<group>"; };
		9B180B161F7D566700C7E37A /* Icon-128.png */ = {isa = PBXFileReference; lastKnownFileType = image.png; path = "Icon-128.png"; sourceTree = "<group>"; };
		9B180B171F7D566700C7E37A /* Icon-64.png */ = {isa = PBXFileReference; lastKnownFileType = image.png; path = "Icon-64.png"; sourceTree = "<group>"; };
		9B180B181F7D566800C7E37A /* Icon-167.png */ = {isa = PBXFileReference; lastKnownFileType = image.png; path = "Icon-167.png"; sourceTree = "<group>"; };
		9B180B191F7D566800C7E37A /* Icon-172.png */ = {isa = PBXFileReference; lastKnownFileType = image.png; path = "Icon-172.png"; sourceTree = "<group>"; };
		9B180B1A1F7D566900C7E37A /* Icon-60.png */ = {isa = PBXFileReference; lastKnownFileType = image.png; path = "Icon-60.png"; sourceTree = "<group>"; };
		9B180B1B1F7D566900C7E37A /* Icon-76.png */ = {isa = PBXFileReference; lastKnownFileType = image.png; path = "Icon-76.png"; sourceTree = "<group>"; };
		9B180B3A1F7D57E800C7E37A /* Icon-1024.png */ = {isa = PBXFileReference; lastKnownFileType = image.png; path = "Icon-1024.png"; sourceTree = "<group>"; };
		9B180B3C1F7D5B7200C7E37A /* logo.png */ = {isa = PBXFileReference; lastKnownFileType = image.png; path = logo.png; sourceTree = "<group>"; };
		9B49C85C1F76C91700C6A62B /* front.png */ = {isa = PBXFileReference; lastKnownFileType = image.png; path = front.png; sourceTree = "<group>"; };
		9B4A7AEA1F82DAA800F8034D /* fond_ecran_jeu.png */ = {isa = PBXFileReference; lastKnownFileType = image.png; path = fond_ecran_jeu.png; sourceTree = "<group>"; };
		9B4A7AEB1F82DAA900F8034D /* fond_ecran_flou.png */ = {isa = PBXFileReference; lastKnownFileType = image.png; path = fond_ecran_flou.png; sourceTree = "<group>"; };
		9B7BF4E51F7EBF990053371B /* niveau_ciel.png */ = {isa = PBXFileReference; lastKnownFileType = image.png; path = niveau_ciel.png; sourceTree = "<group>"; };
		9B7BF4E71F7EC38F0053371B /* niveau_terre.png */ = {isa = PBXFileReference; lastKnownFileType = image.png; path = niveau_terre.png; sourceTree = "<group>"; };
		9B7BF4E91F7EC4440053371B /* niveau_ocean.png */ = {isa = PBXFileReference; lastKnownFileType = image.png; path = niveau_ocean.png; sourceTree = "<group>"; };
		9B7BF4EB1F7ED1B40053371B /* fondecran.png */ = {isa = PBXFileReference; lastKnownFileType = image.png; path = fondecran.png; sourceTree = "<group>"; };
		A84222141F74A50F00EA6541 /* maGarderie.app */ = {isa = PBXFileReference; explicitFileType = wrapper.application; includeInIndex = 0; path = maGarderie.app; sourceTree = BUILT_PRODUCTS_DIR; };
		A84222171F74A50F00EA6541 /* AppDelegate.swift */ = {isa = PBXFileReference; lastKnownFileType = sourcecode.swift; path = AppDelegate.swift; sourceTree = "<group>"; };
		A84222191F74A50F00EA6541 /* Niveau1Controller.swift */ = {isa = PBXFileReference; lastKnownFileType = sourcecode.swift; path = Niveau1Controller.swift; sourceTree = "<group>"; };
		A842221C1F74A50F00EA6541 /* Base */ = {isa = PBXFileReference; lastKnownFileType = file.storyboard; name = Base; path = Base.lproj/Main.storyboard; sourceTree = "<group>"; };
		A842221E1F74A50F00EA6541 /* Assets.xcassets */ = {isa = PBXFileReference; lastKnownFileType = folder.assetcatalog; path = Assets.xcassets; sourceTree = "<group>"; };
		A84222211F74A50F00EA6541 /* Base */ = {isa = PBXFileReference; lastKnownFileType = file.storyboard; name = Base; path = Base.lproj/LaunchScreen.storyboard; sourceTree = "<group>"; };
		A84222231F74A50F00EA6541 /* Info.plist */ = {isa = PBXFileReference; lastKnownFileType = text.plist.xml; path = Info.plist; sourceTree = "<group>"; };
		A842222A1F74A7C800EA6541 /* girafe.png */ = {isa = PBXFileReference; lastKnownFileType = image.png; path = girafe.png; sourceTree = "<group>"; };
		A842222B1F74A7C800EA6541 /* baleine.png */ = {isa = PBXFileReference; lastKnownFileType = image.png; path = baleine.png; sourceTree = "<group>"; };
		A842222C1F74A7C800EA6541 /* abeille.png */ = {isa = PBXFileReference; lastKnownFileType = image.png; path = abeille.png; sourceTree = "<group>"; };
		A842222D1F74A7C800EA6541 /* tortue.png */ = {isa = PBXFileReference; lastKnownFileType = image.png; path = tortue.png; sourceTree = "<group>"; };
		A842222E1F74A7C800EA6541 /* elephant.png */ = {isa = PBXFileReference; lastKnownFileType = image.png; path = elephant.png; sourceTree = "<group>"; };
		A842222F1F74A7C900EA6541 /* poulpe.png */ = {isa = PBXFileReference; lastKnownFileType = image.png; path = poulpe.png; sourceTree = "<group>"; };
		A84222301F74A7C900EA6541 /* grenouille.png */ = {isa = PBXFileReference; lastKnownFileType = image.png; path = grenouille.png; sourceTree = "<group>"; };
		A84222311F74A7C900EA6541 /* vache.png */ = {isa = PBXFileReference; lastKnownFileType = image.png; path = vache.png; sourceTree = "<group>"; };
		A84222321F74A7C900EA6541 /* cochon.png */ = {isa = PBXFileReference; lastKnownFileType = image.png; path = cochon.png; sourceTree = "<group>"; };
		A84222331F74A7C900EA6541 /* coccinelle.png */ = {isa = PBXFileReference; lastKnownFileType = image.png; path = coccinelle.png; sourceTree = "<group>"; };
		A84222401F74BC9300EA6541 /* reset.png */ = {isa = PBXFileReference; lastKnownFileType = image.png; path = reset.png; sourceTree = "<group>"; };
		A86FF5081F805F4000110F87 /* anemone.png */ = {isa = PBXFileReference; lastKnownFileType = image.png; path = anemone.png; sourceTree = "<group>"; };
		A86FF5091F805F4000110F87 /* foque.png */ = {isa = PBXFileReference; lastKnownFileType = image.png; path = foque.png; sourceTree = "<group>"; };
		A86FF50A1F805F4000110F87 /* oiseau.png */ = {isa = PBXFileReference; lastKnownFileType = image.png; path = oiseau.png; sourceTree = "<group>"; };
		A86FF50B1F805F4000110F87 /* escargot.png */ = {isa = PBXFileReference; lastKnownFileType = image.png; path = escargot.png; sourceTree = "<group>"; };
		A86FF50C1F805F4000110F87 /* hibou.png */ = {isa = PBXFileReference; lastKnownFileType = image.png; path = hibou.png; sourceTree = "<group>"; };
		A86FF50D1F805F4000110F87 /* etoile.png */ = {isa = PBXFileReference; lastKnownFileType = image.png; path = etoile.png; sourceTree = "<group>"; };
		A86FF50F1F805F4000110F87 /* cheval.png */ = {isa = PBXFileReference; lastKnownFileType = image.png; path = cheval.png; sourceTree = "<group>"; };
		A86FF5101F805F4100110F87 /* flamant rose.png */ = {isa = PBXFileReference; lastKnownFileType = image.png; path = "flamant rose.png"; sourceTree = "<group>"; };
		A86FF5111F805F4100110F87 /* dinde.png */ = {isa = PBXFileReference; lastKnownFileType = image.png; path = dinde.png; sourceTree = "<group>"; };
		A86FF5121F805F4100110F87 /* chenille.png */ = {isa = PBXFileReference; lastKnownFileType = image.png; path = chenille.png; sourceTree = "<group>"; };
		A86FF5131F805F4100110F87 /* fourmi.png */ = {isa = PBXFileReference; lastKnownFileType = image.png; path = fourmi.png; sourceTree = "<group>"; };
		A86FF5141F805F4100110F87 /* globe.png */ = {isa = PBXFileReference; lastKnownFileType = image.png; path = globe.png; sourceTree = "<group>"; };
		A86FF5151F805F4100110F87 /* perroquet.png */ = {isa = PBXFileReference; lastKnownFileType = image.png; path = perroquet.png; sourceTree = "<group>"; };
		A86FF5161F805F4100110F87 /* ecureuil.png */ = {isa = PBXFileReference; lastKnownFileType = image.png; path = ecureuil.png; sourceTree = "<group>"; };
		A86FF5171F805F4100110F87 /* crab.png */ = {isa = PBXFileReference; lastKnownFileType = image.png; path = crab.png; sourceTree = "<group>"; };
		A86FF5181F805F4100110F87 /* Papillon.png */ = {isa = PBXFileReference; lastKnownFileType = image.png; path = Papillon.png; sourceTree = "<group>"; };
		A86FF5191F805F4100110F87 /* poisson.png */ = {isa = PBXFileReference; lastKnownFileType = image.png; path = poisson.png; sourceTree = "<group>"; };
		A86FF51A1F805F4200110F87 /* toucan.png */ = {isa = PBXFileReference; lastKnownFileType = image.png; path = toucan.png; sourceTree = "<group>"; };
		A86FF51B1F805F4200110F87 /* meduse.png */ = {isa = PBXFileReference; lastKnownFileType = image.png; path = meduse.png; sourceTree = "<group>"; };
		A86FF51D1F805F4200110F87 /* penguin.png */ = {isa = PBXFileReference; lastKnownFileType = image.png; path = penguin.png; sourceTree = "<group>"; };
		A8A317D31F79F76200A66472 /* Niveau2Controller.swift */ = {isa = PBXFileReference; lastKnownFileType = sourcecode.swift; path = Niveau2Controller.swift; sourceTree = "<group>"; };
		A8A317D51F79F89800A66472 /* Niveau3Controller.swift */ = {isa = PBXFileReference; lastKnownFileType = sourcecode.swift; path = Niveau3Controller.swift; sourceTree = "<group>"; };
		A8A317D71F7A086500A66472 /* ViewController.swift */ = {isa = PBXFileReference; lastKnownFileType = sourcecode.swift; path = ViewController.swift; sourceTree = "<group>"; };
/* End PBXFileReference section */

/* Begin PBXFrameworksBuildPhase section */
		A84222111F74A50F00EA6541 /* Frameworks */ = {
			isa = PBXFrameworksBuildPhase;
			buildActionMask = 2147483647;
			files = (
			);
			runOnlyForDeploymentPostprocessing = 0;
		};
/* End PBXFrameworksBuildPhase section */

/* Begin PBXGroup section */
		9B180AFD1F7D55F500C7E37A /* icones */ = {
			isa = PBXGroup;
			children = (
				9B180B051F7D565F00C7E37A /* Icon-16.png */,
				9B180AFE1F7D565C00C7E37A /* Icon-20.png */,
				9B180B0A1F7D566100C7E37A /* Icon-29.png */,
				9B180AFF1F7D565C00C7E37A /* Icon-32.png */,
				9B180B0D1F7D566300C7E37A /* Icon-40.png */,
				9B180B0B1F7D566200C7E37A /* Icon-48.png */,
				9B180B121F7D566500C7E37A /* Icon-50.png */,
				9B180B061F7D566000C7E37A /* Icon-55.png */,
				9B180B151F7D566600C7E37A /* Icon-57.png */,
				9B180B0C1F7D566200C7E37A /* Icon-58.png */,
				9B180B1A1F7D566900C7E37A /* Icon-60.png */,
				9B180B171F7D566700C7E37A /* Icon-64.png */,
				9B180B071F7D566000C7E37A /* Icon-72.png */,
				9B180B1B1F7D566900C7E37A /* Icon-76.png */,
				9B180B031F7D565E00C7E37A /* Icon-80.png */,
				9B180B0F1F7D566400C7E37A /* Icon-87.png */,
				9B180B0E1F7D566300C7E37A /* Icon-88.png */,
				9B180B091F7D566100C7E37A /* Icon-100.png */,
				9B180B041F7D565F00C7E37A /* Icon-114.png */,
				9B180B001F7D565D00C7E37A /* Icon-120.png */,
				9B180B161F7D566700C7E37A /* Icon-128.png */,
				9B180B131F7D566600C7E37A /* Icon-144.png */,
				9B180B101F7D566400C7E37A /* Icon-152.png */,
				9B180B181F7D566800C7E37A /* Icon-167.png */,
				9B180B191F7D566800C7E37A /* Icon-172.png */,
				9B180B111F7D566500C7E37A /* Icon-180.png */,
				9B180B141F7D566600C7E37A /* Icon-196.png */,
				9B180B011F7D565D00C7E37A /* Icon-256.png */,
				9B180B081F7D566000C7E37A /* Icon-512.png */,
				9B180B3A1F7D57E800C7E37A /* Icon-1024.png */,
			);
			path = icones;
			sourceTree = "<group>";
		};
		A842220B1F74A50F00EA6541 = {
			isa = PBXGroup;
			children = (
				A84222161F74A50F00EA6541 /* maGarderie */,
				A84222151F74A50F00EA6541 /* Products */,
			);
			sourceTree = "<group>";
		};
		A84222151F74A50F00EA6541 /* Products */ = {
			isa = PBXGroup;
			children = (
				A84222141F74A50F00EA6541 /* maGarderie.app */,
			);
			name = Products;
			sourceTree = "<group>";
		};
		A84222161F74A50F00EA6541 /* maGarderie */ = {
			isa = PBXGroup;
			children = (
				9B180AFD1F7D55F500C7E37A /* icones */,
				A84222291F74A78F00EA6541 /* images */,
				A84222171F74A50F00EA6541 /* AppDelegate.swift */,
				A84222191F74A50F00EA6541 /* Niveau1Controller.swift */,
				A842221B1F74A50F00EA6541 /* Main.storyboard */,
				A842221E1F74A50F00EA6541 /* Assets.xcassets */,
				A84222201F74A50F00EA6541 /* LaunchScreen.storyboard */,
				A84222231F74A50F00EA6541 /* Info.plist */,
				A8A317D31F79F76200A66472 /* Niveau2Controller.swift */,
				A8A317D51F79F89800A66472 /* Niveau3Controller.swift */,
				A8A317D71F7A086500A66472 /* ViewController.swift */,
			);
			path = maGarderie;
			sourceTree = "<group>";
		};
		A84222291F74A78F00EA6541 /* images */ = {
			isa = PBXGroup;
			children = (
				9B4A7AEB1F82DAA900F8034D /* fond_ecran_flou.png */,
				9B4A7AEA1F82DAA800F8034D /* fond_ecran_jeu.png */,
				A86FF5081F805F4000110F87 /* anemone.png */,
				A86FF5121F805F4100110F87 /* chenille.png */,
				A86FF50F1F805F4000110F87 /* cheval.png */,
				A86FF5171F805F4100110F87 /* crab.png */,
				A86FF5111F805F4100110F87 /* dinde.png */,
				A86FF5161F805F4100110F87 /* ecureuil.png */,
				A86FF50B1F805F4000110F87 /* escargot.png */,
				A86FF50D1F805F4000110F87 /* etoile.png */,
				A86FF5101F805F4100110F87 /* flamant rose.png */,
				A86FF5091F805F4000110F87 /* foque.png */,
				A86FF5131F805F4100110F87 /* fourmi.png */,
				A86FF5141F805F4100110F87 /* globe.png */,
				A86FF50C1F805F4000110F87 /* hibou.png */,
				A86FF51B1F805F4200110F87 /* meduse.png */,
				A86FF50A1F805F4000110F87 /* oiseau.png */,
				A86FF5181F805F4100110F87 /* Papillon.png */,
				A86FF51D1F805F4200110F87 /* penguin.png */,
				A86FF5151F805F4100110F87 /* perroquet.png */,
				A86FF5191F805F4100110F87 /* poisson.png */,
				A86FF51A1F805F4200110F87 /* toucan.png */,
				9B7BF4EB1F7ED1B40053371B /* fondecran.png */,
				9B7BF4E91F7EC4440053371B /* niveau_ocean.png */,
				9B7BF4E71F7EC38F0053371B /* niveau_terre.png */,
				9B7BF4E51F7EBF990053371B /* niveau_ciel.png */,
				9B180B3C1F7D5B7200C7E37A /* logo.png */,
				9B49C85C1F76C91700C6A62B /* front.png */,
				A84222401F74BC9300EA6541 /* reset.png */,
				A842222C1F74A7C800EA6541 /* abeille.png */,
				A842222B1F74A7C800EA6541 /* baleine.png */,
				A84222331F74A7C900EA6541 /* coccinelle.png */,
				A84222321F74A7C900EA6541 /* cochon.png */,
				A842222E1F74A7C800EA6541 /* elephant.png */,
				A842222A1F74A7C800EA6541 /* girafe.png */,
				A84222301F74A7C900EA6541 /* grenouille.png */,
				A842222F1F74A7C900EA6541 /* poulpe.png */,
				A842222D1F74A7C800EA6541 /* tortue.png */,
				A84222311F74A7C900EA6541 /* vache.png */,
			);
			path = images;
			sourceTree = "<group>";
		};
/* End PBXGroup section */

/* Begin PBXNativeTarget section */
		A84222131F74A50F00EA6541 /* maGarderie */ = {
			isa = PBXNativeTarget;
			buildConfigurationList = A84222261F74A50F00EA6541 /* Build configuration list for PBXNativeTarget "maGarderie" */;
			buildPhases = (
				A84222101F74A50F00EA6541 /* Sources */,
				A84222111F74A50F00EA6541 /* Frameworks */,
				A84222121F74A50F00EA6541 /* Resources */,
			);
			buildRules = (
			);
			dependencies = (
			);
			name = maGarderie;
			productName = maGarderie;
			productReference = A84222141F74A50F00EA6541 /* maGarderie.app */;
			productType = "com.apple.product-type.application";
		};
/* End PBXNativeTarget section */

/* Begin PBXProject section */
		A842220C1F74A50F00EA6541 /* Project object */ = {
			isa = PBXProject;
			attributes = {
				LastSwiftUpdateCheck = 0900;
				LastUpgradeCheck = 0900;
				ORGANIZATIONNAME = "Evelyn Andrade";
				TargetAttributes = {
					A84222131F74A50F00EA6541 = {
						CreatedOnToolsVersion = 9.0;
						ProvisioningStyle = Automatic;
					};
				};
			};
			buildConfigurationList = A842220F1F74A50F00EA6541 /* Build configuration list for PBXProject "maGarderie" */;
			compatibilityVersion = "Xcode 8.0";
			developmentRegion = en;
			hasScannedForEncodings = 0;
			knownRegions = (
				en,
				Base,
			);
			mainGroup = A842220B1F74A50F00EA6541;
			productRefGroup = A84222151F74A50F00EA6541 /* Products */;
			projectDirPath = "";
			projectRoot = "";
			targets = (
				A84222131F74A50F00EA6541 /* maGarderie */,
			);
		};
/* End PBXProject section */

/* Begin PBXResourcesBuildPhase section */
		A84222121F74A50F00EA6541 /* Resources */ = {
			isa = PBXResourcesBuildPhase;
			buildActionMask = 2147483647;
			files = (
				A86FF5261F805F4200110F87 /* flamant rose.png in Resources */,
				9B180B331F7D566A00C7E37A /* Icon-57.png in Resources */,
				A84222381F74A7C900EA6541 /* elephant.png in Resources */,
				A84222411F74BC9300EA6541 /* reset.png in Resources */,
				A84222361F74A7C900EA6541 /* abeille.png in Resources */,
				A86FF5301F805F4200110F87 /* toucan.png in Resources */,
				9B180B281F7D566A00C7E37A /* Icon-29.png in Resources */,
				9B180B381F7D566A00C7E37A /* Icon-60.png in Resources */,
				9B180B1C1F7D566A00C7E37A /* Icon-20.png in Resources */,
				A86FF5281F805F4200110F87 /* chenille.png in Resources */,
				9B4A7AED1F82DAAB00F8034D /* fond_ecran_flou.png in Resources */,
				9B180B3B1F7D57E800C7E37A /* Icon-1024.png in Resources */,
				9B180B2C1F7D566A00C7E37A /* Icon-88.png in Resources */,
				9B180B361F7D566A00C7E37A /* Icon-167.png in Resources */,
				A84222221F74A50F00EA6541 /* LaunchScreen.storyboard in Resources */,
				A842223A1F74A7C900EA6541 /* grenouille.png in Resources */,
				9B4A7AEC1F82DAAB00F8034D /* fond_ecran_jeu.png in Resources */,
				9B7BF4EC1F7ED1B50053371B /* fondecran.png in Resources */,
				9B7BF4E81F7EC3900053371B /* niveau_terre.png in Resources */,
				A842221F1F74A50F00EA6541 /* Assets.xcassets in Resources */,
				A86FF5251F805F4200110F87 /* cheval.png in Resources */,
				A86FF5231F805F4200110F87 /* etoile.png in Resources */,
				A84222371F74A7C900EA6541 /* tortue.png in Resources */,
				9B180B251F7D566A00C7E37A /* Icon-72.png in Resources */,
				A84222351F74A7C900EA6541 /* baleine.png in Resources */,
				A86FF5291F805F4200110F87 /* fourmi.png in Resources */,
				9B180B2A1F7D566A00C7E37A /* Icon-58.png in Resources */,
				9B180B211F7D566A00C7E37A /* Icon-80.png in Resources */,
				A86FF52C1F805F4200110F87 /* ecureuil.png in Resources */,
				9B180B231F7D566A00C7E37A /* Icon-16.png in Resources */,
				9B180B241F7D566A00C7E37A /* Icon-55.png in Resources */,
				A86FF52D1F805F4200110F87 /* crab.png in Resources */,
				9B180B341F7D566A00C7E37A /* Icon-128.png in Resources */,
				9B49C85D1F76C91900C6A62B /* front.png in Resources */,
				A842221D1F74A50F00EA6541 /* Main.storyboard in Resources */,
				A86FF5201F805F4200110F87 /* oiseau.png in Resources */,
				9B180B321F7D566A00C7E37A /* Icon-196.png in Resources */,
				A86FF5331F805F4200110F87 /* penguin.png in Resources */,
				9B180B3D1F7D5B7300C7E37A /* logo.png in Resources */,
				9B180B371F7D566A00C7E37A /* Icon-172.png in Resources */,
				A86FF51F1F805F4200110F87 /* foque.png in Resources */,
				9B180B2D1F7D566A00C7E37A /* Icon-87.png in Resources */,
				9B180B1E1F7D566A00C7E37A /* Icon-120.png in Resources */,
				9B7BF4EA1F7EC4450053371B /* niveau_ocean.png in Resources */,
				A86FF52B1F805F4200110F87 /* perroquet.png in Resources */,
				9B180B391F7D566A00C7E37A /* Icon-76.png in Resources */,
				A84222341F74A7C900EA6541 /* girafe.png in Resources */,
				9B180B2E1F7D566A00C7E37A /* Icon-152.png in Resources */,
				A86FF5271F805F4200110F87 /* dinde.png in Resources */,
				A84222391F74A7C900EA6541 /* poulpe.png in Resources */,
				A842223B1F74A7C900EA6541 /* vache.png in Resources */,
				A842223D1F74A7C900EA6541 /* coccinelle.png in Resources */,
				A86FF5211F805F4200110F87 /* escargot.png in Resources */,
				9B180B2B1F7D566A00C7E37A /* Icon-40.png in Resources */,
				A842223C1F74A7C900EA6541 /* cochon.png in Resources */,
				9B7BF4E61F7EBF990053371B /* niveau_ciel.png in Resources */,
				9B180B1F1F7D566A00C7E37A /* Icon-256.png in Resources */,
				9B180B311F7D566A00C7E37A /* Icon-144.png in Resources */,
				A86FF5311F805F4200110F87 /* meduse.png in Resources */,
				9B180B1D1F7D566A00C7E37A /* Icon-32.png in Resources */,
				A86FF52E1F805F4200110F87 /* Papillon.png in Resources */,
				9B180B291F7D566A00C7E37A /* Icon-48.png in Resources */,
				9B180B261F7D566A00C7E37A /* Icon-512.png in Resources */,
				9B180B301F7D566A00C7E37A /* Icon-50.png in Resources */,
				A86FF51E1F805F4200110F87 /* anemone.png in Resources */,
				A86FF52F1F805F4200110F87 /* poisson.png in Resources */,
				A86FF52A1F805F4200110F87 /* globe.png in Resources */,
				A86FF5221F805F4200110F87 /* hibou.png in Resources */,
				9B180B351F7D566A00C7E37A /* Icon-64.png in Resources */,
				9B180B271F7D566A00C7E37A /* Icon-100.png in Resources */,
				9B180B2F1F7D566A00C7E37A /* Icon-180.png in Resources */,
				9B180B221F7D566A00C7E37A /* Icon-114.png in Resources */,
			);
			runOnlyForDeploymentPostprocessing = 0;
		};
/* End PBXResourcesBuildPhase section */

/* Begin PBXSourcesBuildPhase section */
		A84222101F74A50F00EA6541 /* Sources */ = {
			isa = PBXSourcesBuildPhase;
			buildActionMask = 2147483647;
			files = (
				A8A317D81F7A086500A66472 /* ViewController.swift in Sources */,
				A842221A1F74A50F00EA6541 /* Niveau1Controller.swift in Sources */,
				A8A317D61F79F89800A66472 /* Niveau3Controller.swift in Sources */,
				A84222181F74A50F00EA6541 /* AppDelegate.swift in Sources */,
				A8A317D41F79F76200A66472 /* Niveau2Controller.swift in Sources */,
			);
			runOnlyForDeploymentPostprocessing = 0;
		};
/* End PBXSourcesBuildPhase section */

/* Begin PBXVariantGroup section */
		A842221B1F74A50F00EA6541 /* Main.storyboard */ = {
			isa = PBXVariantGroup;
			children = (
				A842221C1F74A50F00EA6541 /* Base */,
			);
			name = Main.storyboard;
			sourceTree = "<group>";
		};
		A84222201F74A50F00EA6541 /* LaunchScreen.storyboard */ = {
			isa = PBXVariantGroup;
			children = (
				A84222211F74A50F00EA6541 /* Base */,
			);
			name = LaunchScreen.storyboard;
			sourceTree = "<group>";
		};
/* End PBXVariantGroup section */

/* Begin XCBuildConfiguration section */
		A84222241F74A50F00EA6541 /* Debug */ = {
			isa = XCBuildConfiguration;
			buildSettings = {
				ALWAYS_SEARCH_USER_PATHS = NO;
				CLANG_ANALYZER_NONNULL = YES;
				CLANG_ANALYZER_NUMBER_OBJECT_CONVERSION = YES_AGGRESSIVE;
				CLANG_CXX_LANGUAGE_STANDARD = "gnu++14";
				CLANG_CXX_LIBRARY = "libc++";
				CLANG_ENABLE_MODULES = YES;
				CLANG_ENABLE_OBJC_ARC = YES;
				CLANG_WARN_BLOCK_CAPTURE_AUTORELEASING = YES;
				CLANG_WARN_BOOL_CONVERSION = YES;
				CLANG_WARN_COMMA = YES;
				CLANG_WARN_CONSTANT_CONVERSION = YES;
				CLANG_WARN_DIRECT_OBJC_ISA_USAGE = YES_ERROR;
				CLANG_WARN_DOCUMENTATION_COMMENTS = YES;
				CLANG_WARN_EMPTY_BODY = YES;
				CLANG_WARN_ENUM_CONVERSION = YES;
				CLANG_WARN_INFINITE_RECURSION = YES;
				CLANG_WARN_INT_CONVERSION = YES;
				CLANG_WARN_NON_LITERAL_NULL_CONVERSION = YES;
				CLANG_WARN_OBJC_LITERAL_CONVERSION = YES;
				CLANG_WARN_OBJC_ROOT_CLASS = YES_ERROR;
				CLANG_WARN_RANGE_LOOP_ANALYSIS = YES;
				CLANG_WARN_STRICT_PROTOTYPES = YES;
				CLANG_WARN_SUSPICIOUS_MOVE = YES;
				CLANG_WARN_UNGUARDED_AVAILABILITY = YES_AGGRESSIVE;
				CLANG_WARN_UNREACHABLE_CODE = YES;
				CLANG_WARN__DUPLICATE_METHOD_MATCH = YES;
				CODE_SIGN_IDENTITY = "iPhone Developer";
				COPY_PHASE_STRIP = NO;
				DEBUG_INFORMATION_FORMAT = dwarf;
				ENABLE_STRICT_OBJC_MSGSEND = YES;
				ENABLE_TESTABILITY = YES;
				GCC_C_LANGUAGE_STANDARD = gnu11;
				GCC_DYNAMIC_NO_PIC = NO;
				GCC_NO_COMMON_BLOCKS = YES;
				GCC_OPTIMIZATION_LEVEL = 0;
				GCC_PREPROCESSOR_DEFINITIONS = (
					"DEBUG=1",
					"$(inherited)",
				);
				GCC_WARN_64_TO_32_BIT_CONVERSION = YES;
				GCC_WARN_ABOUT_RETURN_TYPE = YES_ERROR;
				GCC_WARN_UNDECLARED_SELECTOR = YES;
				GCC_WARN_UNINITIALIZED_AUTOS = YES_AGGRESSIVE;
				GCC_WARN_UNUSED_FUNCTION = YES;
				GCC_WARN_UNUSED_VARIABLE = YES;
				IPHONEOS_DEPLOYMENT_TARGET = 11.0;
				MTL_ENABLE_DEBUG_INFO = YES;
				ONLY_ACTIVE_ARCH = YES;
				SDKROOT = iphoneos;
				SWIFT_ACTIVE_COMPILATION_CONDITIONS = DEBUG;
				SWIFT_OPTIMIZATION_LEVEL = "-Onone";
			};
			name = Debug;
		};
		A84222251F74A50F00EA6541 /* Release */ = {
			isa = XCBuildConfiguration;
			buildSettings = {
				ALWAYS_SEARCH_USER_PATHS = NO;
				CLANG_ANALYZER_NONNULL = YES;
				CLANG_ANALYZER_NUMBER_OBJECT_CONVERSION = YES_AGGRESSIVE;
				CLANG_CXX_LANGUAGE_STANDARD = "gnu++14";
				CLANG_CXX_LIBRARY = "libc++";
				CLANG_ENABLE_MODULES = YES;
				CLANG_ENABLE_OBJC_ARC = YES;
				CLANG_WARN_BLOCK_CAPTURE_AUTORELEASING = YES;
				CLANG_WARN_BOOL_CONVERSION = YES;
				CLANG_WARN_COMMA = YES;
				CLANG_WARN_CONSTANT_CONVERSION = YES;
				CLANG_WARN_DIRECT_OBJC_ISA_USAGE = YES_ERROR;
				CLANG_WARN_DOCUMENTATION_COMMENTS = YES;
				CLANG_WARN_EMPTY_BODY = YES;
				CLANG_WARN_ENUM_CONVERSION = YES;
				CLANG_WARN_INFINITE_RECURSION = YES;
				CLANG_WARN_INT_CONVERSION = YES;
				CLANG_WARN_NON_LITERAL_NULL_CONVERSION = YES;
				CLANG_WARN_OBJC_LITERAL_CONVERSION = YES;
				CLANG_WARN_OBJC_ROOT_CLASS = YES_ERROR;
				CLANG_WARN_RANGE_LOOP_ANALYSIS = YES;
				CLANG_WARN_STRICT_PROTOTYPES = YES;
				CLANG_WARN_SUSPICIOUS_MOVE = YES;
				CLANG_WARN_UNGUARDED_AVAILABILITY = YES_AGGRESSIVE;
				CLANG_WARN_UNREACHABLE_CODE = YES;
				CLANG_WARN__DUPLICATE_METHOD_MATCH = YES;
				CODE_SIGN_IDENTITY = "iPhone Developer";
				COPY_PHASE_STRIP = NO;
				DEBUG_INFORMATION_FORMAT = "dwarf-with-dsym";
				ENABLE_NS_ASSERTIONS = NO;
				ENABLE_STRICT_OBJC_MSGSEND = YES;
				GCC_C_LANGUAGE_STANDARD = gnu11;
				GCC_NO_COMMON_BLOCKS = YES;
				GCC_WARN_64_TO_32_BIT_CONVERSION = YES;
				GCC_WARN_ABOUT_RETURN_TYPE = YES_ERROR;
				GCC_WARN_UNDECLARED_SELECTOR = YES;
				GCC_WARN_UNINITIALIZED_AUTOS = YES_AGGRESSIVE;
				GCC_WARN_UNUSED_FUNCTION = YES;
				GCC_WARN_UNUSED_VARIABLE = YES;
				IPHONEOS_DEPLOYMENT_TARGET = 11.0;
				MTL_ENABLE_DEBUG_INFO = NO;
				SDKROOT = iphoneos;
				SWIFT_OPTIMIZATION_LEVEL = "-Owholemodule";
				VALIDATE_PRODUCT = YES;
			};
			name = Release;
		};
		A84222271F74A50F00EA6541 /* Debug */ = {
			isa = XCBuildConfiguration;
			buildSettings = {
				ASSETCATALOG_COMPILER_APPICON_NAME = AppIcon;
				CODE_SIGN_STYLE = Automatic;
				DEVELOPMENT_TEAM = "";
				INFOPLIST_FILE = maGarderie/Info.plist;
				IPHONEOS_DEPLOYMENT_TARGET = 10.2;
				LD_RUNPATH_SEARCH_PATHS = "$(inherited) @executable_path/Frameworks";
				PRODUCT_BUNDLE_IDENTIFIER = evy.maGarderie;
				PRODUCT_NAME = "$(TARGET_NAME)";
				SWIFT_VERSION = 4.0;
				TARGETED_DEVICE_FAMILY = "1,2";
			};
			name = Debug;
		};
		A84222281F74A50F00EA6541 /* Release */ = {
			isa = XCBuildConfiguration;
			buildSettings = {
				ASSETCATALOG_COMPILER_APPICON_NAME = AppIcon;
				CODE_SIGN_STYLE = Automatic;
				DEVELOPMENT_TEAM = "";
				INFOPLIST_FILE = maGarderie/Info.plist;
				IPHONEOS_DEPLOYMENT_TARGET = 10.2;
				LD_RUNPATH_SEARCH_PATHS = "$(inherited) @executable_path/Frameworks";
				PRODUCT_BUNDLE_IDENTIFIER = evy.maGarderie;
				PRODUCT_NAME = "$(TARGET_NAME)";
				SWIFT_VERSION = 4.0;
				TARGETED_DEVICE_FAMILY = "1,2";
			};
			name = Release;
		};
/* End XCBuildConfiguration section */

/* Begin XCConfigurationList section */
		A842220F1F74A50F00EA6541 /* Build configuration list for PBXProject "maGarderie" */ = {
			isa = XCConfigurationList;
			buildConfigurations = (
				A84222241F74A50F00EA6541 /* Debug */,
				A84222251F74A50F00EA6541 /* Release */,
			);
			defaultConfigurationIsVisible = 0;
			defaultConfigurationName = Release;
		};
		A84222261F74A50F00EA6541 /* Build configuration list for PBXNativeTarget "maGarderie" */ = {
			isa = XCConfigurationList;
			buildConfigurations = (
				A84222271F74A50F00EA6541 /* Debug */,
				A84222281F74A50F00EA6541 /* Release */,
			);
			defaultConfigurationIsVisible = 0;
			defaultConfigurationName = Release;
		};
/* End XCConfigurationList section */
	};
	rootObject = A842220C1F74A50F00EA6541 /* Project object */;
}
